
Microsoft Visual Studio Solution File, Format Version 12.00
# Visual Studio Version 17
VisualStudioVersion = 17.5.002.0
MinimumVisualStudioVersion = 10.0.40219.1
Project("{2150E333-8FDC-42A3-9474-1A3956D46DE8}") = "prepare", "prepare", "{470B8514-9C9D-4EC0-8218-5FFED21E76CE}"
EndProject
Project("{9A19103F-16F7-4668-BE54-9A1E7A4F7556}") = "Learning02", "prepare\Learning02\Learning02.csproj", "{7B06B30C-E03F-4B3A-A3BB-FC9BABDA9B0F}"
EndProject
Project("{9A19103F-16F7-4668-BE54-9A1E7A4F7556}") = "Learning05", "prepare\Learning05\Learning05.csproj", "{1BC35242-86B0-4ECF-8B18-D104BCA393D2}"
EndProject
Project("{9A19103F-16F7-4668-BE54-9A1E7A4F7556}") = "Learning04", "prepare\Learning04\Learning04.csproj", "{2BE7E3B9-56A0-49A3-910C-8C4A6A48DA17}"
EndProject
Project("{9A19103F-16F7-4668-BE54-9A1E7A4F7556}") = "Learning03", "prepare\Learning03\Learning03.csproj", "{47D11B4A-CBA7-4F69-991D-D65C3E31A68E}"
EndProject
Project("{2150E333-8FDC-42A3-9474-1A3956D46DE8}") = "prove", "prove", "{8F7EA10D-98CF-4C08-B5F1-445E5161F7BF}"
EndProject
Project("{9A19103F-16F7-4668-BE54-9A1E7A4F7556}") = "Develop03", "prove\Develop03\Develop03.csproj", "{ED7BC86B-ABE8-47CC-836D-6BE41B502D06}"
EndProject
Project("{9A19103F-16F7-4668-BE54-9A1E7A4F7556}") = "Develop04", "prove\Develop04\Develop04.csproj", "{7ABE25B0-07B7-47A2-BFD5-552DD710E484}"
EndProject
Project("{9A19103F-16F7-4668-BE54-9A1E7A4F7556}") = "Develop05", "prove\Develop05\Develop05.csproj", "{B614EAC6-9723-4784-8121-D7A86E1DDF84}"
EndProject
Project("{9A19103F-16F7-4668-BE54-9A1E7A4F7556}") = "Develop02", "prove\Develop02\Develop02.csproj", "{FD9AED26-1FA2-4E07-AE40-B5C6A447714B}"
EndProject
Project("{2150E333-8FDC-42A3-9474-1A3956D46DE8}") = "sandbox", "sandbox", "{82A175C3-9F43-4F8A-82C7-9B743CACF901}"
EndProject
Project("{9A19103F-16F7-4668-BE54-9A1E7A4F7556}") = "Sandbox", "sandbox\Sandbox\Sandbox.csproj", "{BDE2511D-ADBD-45B3-9B6A-580485EEB29A}"
EndProject
Project("{2150E333-8FDC-42A3-9474-1A3956D46DE8}") = "final", "final", "{452EABF9-B9FF-419E-948B-D6836B40C990}"
EndProject
Project("{9A19103F-16F7-4668-BE54-9A1E7A4F7556}") = "FinalProject", "final\FinalProject\FinalProject.csproj", "{920907CA-9B86-4650-9777-C27D88C48C9B}"
EndProject
Project("{9A19103F-16F7-4668-BE54-9A1E7A4F7556}") = "Foundation1", "final\Foundation1\Foundation1.csproj", "{730E816B-47F2-47FA-9C7A-F756DEEA3E9C}"
EndProject
Project("{9A19103F-16F7-4668-BE54-9A1E7A4F7556}") = "Foundation4", "final\Foundation4\Foundation4.csproj", "{1282D2D5-1B23-4FCD-B3CD-CEE89901A3D7}"
EndProject
Project("{9A19103F-16F7-4668-BE54-9A1E7A4F7556}") = "Foundation3", "final\Foundation3\Foundation3.csproj", "{569E8754-0CB3-4205-8273-58D4999E77D3}"
EndProject
Project("{9A19103F-16F7-4668-BE54-9A1E7A4F7556}") = "Foundation2", "final\Foundation2\Foundation2.csproj", "{AA85251C-ACA6-467B-9CE4-562722488755}"
EndProject
Project("{2150E333-8FDC-42A3-9474-1A3956D46DE8}") = "csharp-prep", "csharp-prep", "{6D0AA510-271D-4F12-8153-676D5467CF79}"
EndProject
Project("{9A19103F-16F7-4668-BE54-9A1E7A4F7556}") = "Prep1", "csharp-prep\Prep1\Prep1.csproj", "{EE8C230A-EBE1-47EB-B386-F750CB4FF483}"
EndProject
Project("{9A19103F-16F7-4668-BE54-9A1E7A4F7556}") = "Prep5", "csharp-prep\Prep5\Prep5.csproj", "{4E82CDC2-84A3-4A24-BABF-57AEA9FFC49D}"
EndProject
Project("{9A19103F-16F7-4668-BE54-9A1E7A4F7556}") = "Prep2", "csharp-prep\Prep2\Prep2.csproj", "{10153DDA-6707-4CAA-B7CF-8829C4D53D72}"
EndProject
Project("{9A19103F-16F7-4668-BE54-9A1E7A4F7556}") = "Prep3", "csharp-prep\Prep3\Prep3.csproj", "{78A69699-28A6-450D-9E51-34D679D1F3B3}"
EndProject
Project("{9A19103F-16F7-4668-BE54-9A1E7A4F7556}") = "Prep4", "csharp-prep\Prep4\Prep4.csproj", "{F9265F13-C7EE-4CDF-B897-399FA557CDF5}"
EndProject
Project("{FAE04EC0-301F-11D3-BF4B-00C04F79EFBC}") = "MyConsoleApp", "..\MyConsoleApp\MyConsoleApp.csproj", "{EA3E6A9F-E212-4B0B-8C16-2317BCD88A65}"
EndProject
Global
	GlobalSection(SolutionConfigurationPlatforms) = preSolution
		Debug|Any CPU = Debug|Any CPU
		Release|Any CPU = Release|Any CPU
	EndGlobalSection
	GlobalSection(ProjectConfigurationPlatforms) = postSolution
		{7B06B30C-E03F-4B3A-A3BB-FC9BABDA9B0F}.Debug|Any CPU.ActiveCfg = Debug|Any CPU
		{7B06B30C-E03F-4B3A-A3BB-FC9BABDA9B0F}.Debug|Any CPU.Build.0 = Debug|Any CPU
		{7B06B30C-E03F-4B3A-A3BB-FC9BABDA9B0F}.Release|Any CPU.ActiveCfg = Release|Any CPU
		{7B06B30C-E03F-4B3A-A3BB-FC9BABDA9B0F}.Release|Any CPU.Build.0 = Release|Any CPU
		{1BC35242-86B0-4ECF-8B18-D104BCA393D2}.Debug|Any CPU.ActiveCfg = Debug|Any CPU
		{1BC35242-86B0-4ECF-8B18-D104BCA393D2}.Debug|Any CPU.Build.0 = Debug|Any CPU
		{1BC35242-86B0-4ECF-8B18-D104BCA393D2}.Release|Any CPU.ActiveCfg = Release|Any CPU
		{1BC35242-86B0-4ECF-8B18-D104BCA393D2}.Release|Any CPU.Build.0 = Release|Any CPU
		{2BE7E3B9-56A0-49A3-910C-8C4A6A48DA17}.Debug|Any CPU.ActiveCfg = Debug|Any CPU
		{2BE7E3B9-56A0-49A3-910C-8C4A6A48DA17}.Debug|Any CPU.Build.0 = Debug|Any CPU
		{2BE7E3B9-56A0-49A3-910C-8C4A6A48DA17}.Release|Any CPU.ActiveCfg = Release|Any CPU
		{2BE7E3B9-56A0-49A3-910C-8C4A6A48DA17}.Release|Any CPU.Build.0 = Release|Any CPU
		{47D11B4A-CBA7-4F69-991D-D65C3E31A68E}.Debug|Any CPU.ActiveCfg = Debug|Any CPU
		{47D11B4A-CBA7-4F69-991D-D65C3E31A68E}.Debug|Any CPU.Build.0 = Debug|Any CPU
		{47D11B4A-CBA7-4F69-991D-D65C3E31A68E}.Release|Any CPU.ActiveCfg = Release|Any CPU
		{47D11B4A-CBA7-4F69-991D-D65C3E31A68E}.Release|Any CPU.Build.0 = Release|Any CPU
		{ED7BC86B-ABE8-47CC-836D-6BE41B502D06}.Debug|Any CPU.ActiveCfg = Debug|Any CPU
		{ED7BC86B-ABE8-47CC-836D-6BE41B502D06}.Debug|Any CPU.Build.0 = Debug|Any CPU
		{ED7BC86B-ABE8-47CC-836D-6BE41B502D06}.Release|Any CPU.ActiveCfg = Release|Any CPU
		{ED7BC86B-ABE8-47CC-836D-6BE41B502D06}.Release|Any CPU.Build.0 = Release|Any CPU
		{7ABE25B0-07B7-47A2-BFD5-552DD710E484}.Debug|Any CPU.ActiveCfg = Debug|Any CPU
		{7ABE25B0-07B7-47A2-BFD5-552DD710E484}.Debug|Any CPU.Build.0 = Debug|Any CPU
		{7ABE25B0-07B7-47A2-BFD5-552DD710E484}.Release|Any CPU.ActiveCfg = Release|Any CPU
		{7ABE25B0-07B7-47A2-BFD5-552DD710E484}.Release|Any CPU.Build.0 = Release|Any CPU
		{B614EAC6-9723-4784-8121-D7A86E1DDF84}.Debug|Any CPU.ActiveCfg = Debug|Any CPU
		{B614EAC6-9723-4784-8121-D7A86E1DDF84}.Debug|Any CPU.Build.0 = Debug|Any CPU
		{B614EAC6-9723-4784-8121-D7A86E1DDF84}.Release|Any CPU.ActiveCfg = Release|Any CPU
		{B614EAC6-9723-4784-8121-D7A86E1DDF84}.Release|Any CPU.Build.0 = Release|Any CPU
		{FD9AED26-1FA2-4E07-AE40-B5C6A447714B}.Debug|Any CPU.ActiveCfg = Debug|Any CPU
		{FD9AED26-1FA2-4E07-AE40-B5C6A447714B}.Debug|Any CPU.Build.0 = Debug|Any CPU
		{FD9AED26-1FA2-4E07-AE40-B5C6A447714B}.Release|Any CPU.ActiveCfg = Release|Any CPU
		{FD9AED26-1FA2-4E07-AE40-B5C6A447714B}.Release|Any CPU.Build.0 = Release|Any CPU
		{BDE2511D-ADBD-45B3-9B6A-580485EEB29A}.Debug|Any CPU.ActiveCfg = Debug|Any CPU
		{BDE2511D-ADBD-45B3-9B6A-580485EEB29A}.Debug|Any CPU.Build.0 = Debug|Any CPU
		{BDE2511D-ADBD-45B3-9B6A-580485EEB29A}.Release|Any CPU.ActiveCfg = Release|Any CPU
		{BDE2511D-ADBD-45B3-9B6A-580485EEB29A}.Release|Any CPU.Build.0 = Release|Any CPU
		{920907CA-9B86-4650-9777-C27D88C48C9B}.Debug|Any CPU.ActiveCfg = Debug|Any CPU
		{920907CA-9B86-4650-9777-C27D88C48C9B}.Debug|Any CPU.Build.0 = Debug|Any CPU
		{920907CA-9B86-4650-9777-C27D88C48C9B}.Release|Any CPU.ActiveCfg = Release|Any CPU
		{920907CA-9B86-4650-9777-C27D88C48C9B}.Release|Any CPU.Build.0 = Release|Any CPU
		{730E816B-47F2-47FA-9C7A-F756DEEA3E9C}.Debug|Any CPU.ActiveCfg = Debug|Any CPU
		{730E816B-47F2-47FA-9C7A-F756DEEA3E9C}.Debug|Any CPU.Build.0 = Debug|Any CPU
		{730E816B-47F2-47FA-9C7A-F756DEEA3E9C}.Release|Any CPU.ActiveCfg = Release|Any CPU
		{730E816B-47F2-47FA-9C7A-F756DEEA3E9C}.Release|Any CPU.Build.0 = Release|Any CPU
		{1282D2D5-1B23-4FCD-B3CD-CEE89901A3D7}.Debug|Any CPU.ActiveCfg = Debug|Any CPU
		{1282D2D5-1B23-4FCD-B3CD-CEE89901A3D7}.Debug|Any CPU.Build.0 = Debug|Any CPU
		{1282D2D5-1B23-4FCD-B3CD-CEE89901A3D7}.Release|Any CPU.ActiveCfg = Release|Any CPU
		{1282D2D5-1B23-4FCD-B3CD-CEE89901A3D7}.Release|Any CPU.Build.0 = Release|Any CPU
		{569E8754-0CB3-4205-8273-58D4999E77D3}.Debug|Any CPU.ActiveCfg = Debug|Any CPU
		{569E8754-0CB3-4205-8273-58D4999E77D3}.Debug|Any CPU.Build.0 = Debug|Any CPU
		{569E8754-0CB3-4205-8273-58D4999E77D3}.Release|Any CPU.ActiveCfg = Release|Any CPU
		{569E8754-0CB3-4205-8273-58D4999E77D3}.Release|Any CPU.Build.0 = Release|Any CPU
		{AA85251C-ACA6-467B-9CE4-562722488755}.Debug|Any CPU.ActiveCfg = Debug|Any CPU
		{AA85251C-ACA6-467B-9CE4-562722488755}.Debug|Any CPU.Build.0 = Debug|Any CPU
		{AA85251C-ACA6-467B-9CE4-562722488755}.Release|Any CPU.ActiveCfg = Release|Any CPU
		{AA85251C-ACA6-467B-9CE4-562722488755}.Release|Any CPU.Build.0 = Release|Any CPU
		{EE8C230A-EBE1-47EB-B386-F750CB4FF483}.Debug|Any CPU.ActiveCfg = Debug|Any CPU
		{EE8C230A-EBE1-47EB-B386-F750CB4FF483}.Debug|Any CPU.Build.0 = Debug|Any CPU
		{EE8C230A-EBE1-47EB-B386-F750CB4FF483}.Release|Any CPU.ActiveCfg = Release|Any CPU
		{EE8C230A-EBE1-47EB-B386-F750CB4FF483}.Release|Any CPU.Build.0 = Release|Any CPU
		{4E82CDC2-84A3-4A24-BABF-57AEA9FFC49D}.Debug|Any CPU.ActiveCfg = Debug|Any CPU
		{4E82CDC2-84A3-4A24-BABF-57AEA9FFC49D}.Debug|Any CPU.Build.0 = Debug|Any CPU
		{4E82CDC2-84A3-4A24-BABF-57AEA9FFC49D}.Release|Any CPU.ActiveCfg = Release|Any CPU
		{4E82CDC2-84A3-4A24-BABF-57AEA9FFC49D}.Release|Any CPU.Build.0 = Release|Any CPU
		{10153DDA-6707-4CAA-B7CF-8829C4D53D72}.Debug|Any CPU.ActiveCfg = Debug|Any CPU
		{10153DDA-6707-4CAA-B7CF-8829C4D53D72}.Debug|Any CPU.Build.0 = Debug|Any CPU
		{10153DDA-6707-4CAA-B7CF-8829C4D53D72}.Release|Any CPU.ActiveCfg = Release|Any CPU
		{10153DDA-6707-4CAA-B7CF-8829C4D53D72}.Release|Any CPU.Build.0 = Release|Any CPU
		{78A69699-28A6-450D-9E51-34D679D1F3B3}.Debug|Any CPU.ActiveCfg = Debug|Any CPU
		{78A69699-28A6-450D-9E51-34D679D1F3B3}.Debug|Any CPU.Build.0 = Debug|Any CPU
		{78A69699-28A6-450D-9E51-34D679D1F3B3}.Release|Any CPU.ActiveCfg = Release|Any CPU
		{78A69699-28A6-450D-9E51-34D679D1F3B3}.Release|Any CPU.Build.0 = Release|Any CPU
		{F9265F13-C7EE-4CDF-B897-399FA557CDF5}.Debug|Any CPU.ActiveCfg = Debug|Any CPU
		{F9265F13-C7EE-4CDF-B897-399FA557CDF5}.Debug|Any CPU.Build.0 = Debug|Any CPU
		{F9265F13-C7EE-4CDF-B897-399FA557CDF5}.Release|Any CPU.ActiveCfg = Release|Any CPU
		{F9265F13-C7EE-4CDF-B897-399FA557CDF5}.Release|Any CPU.Build.0 = Release|Any CPU
		{EA3E6A9F-E212-4B0B-8C16-2317BCD88A65}.Debug|Any CPU.ActiveCfg = Debug|Any CPU
		{EA3E6A9F-E212-4B0B-8C16-2317BCD88A65}.Debug|Any CPU.Build.0 = Debug|Any CPU
		{EA3E6A9F-E212-4B0B-8C16-2317BCD88A65}.Release|Any CPU.ActiveCfg = Release|Any CPU
		{EA3E6A9F-E212-4B0B-8C16-2317BCD88A65}.Release|Any CPU.Build.0 = Release|Any CPU
	EndGlobalSection
	GlobalSection(SolutionProperties) = preSolution
		HideSolutionNode = FALSE
	EndGlobalSection
	GlobalSection(NestedProjects) = preSolution
		{7B06B30C-E03F-4B3A-A3BB-FC9BABDA9B0F} = {470B8514-9C9D-4EC0-8218-5FFED21E76CE}
		{1BC35242-86B0-4ECF-8B18-D104BCA393D2} = {470B8514-9C9D-4EC0-8218-5FFED21E76CE}
		{2BE7E3B9-56A0-49A3-910C-8C4A6A48DA17} = {470B8514-9C9D-4EC0-8218-5FFED21E76CE}
		{47D11B4A-CBA7-4F69-991D-D65C3E31A68E} = {470B8514-9C9D-4EC0-8218-5FFED21E76CE}
		{ED7BC86B-ABE8-47CC-836D-6BE41B502D06} = {8F7EA10D-98CF-4C08-B5F1-445E5161F7BF}
		{7ABE25B0-07B7-47A2-BFD5-552DD710E484} = {8F7EA10D-98CF-4C08-B5F1-445E5161F7BF}
		{B614EAC6-9723-4784-8121-D7A86E1DDF84} = {8F7EA10D-98CF-4C08-B5F1-445E5161F7BF}
		{FD9AED26-1FA2-4E07-AE40-B5C6A447714B} = {8F7EA10D-98CF-4C08-B5F1-445E5161F7BF}
		{BDE2511D-ADBD-45B3-9B6A-580485EEB29A} = {82A175C3-9F43-4F8A-82C7-9B743CACF901}
		{920907CA-9B86-4650-9777-C27D88C48C9B} = {452EABF9-B9FF-419E-948B-D6836B40C990}
		{730E816B-47F2-47FA-9C7A-F756DEEA3E9C} = {452EABF9-B9FF-419E-948B-D6836B40C990}
		{1282D2D5-1B23-4FCD-B3CD-CEE89901A3D7} = {452EABF9-B9FF-419E-948B-D6836B40C990}
		{569E8754-0CB3-4205-8273-58D4999E77D3} = {452EABF9-B9FF-419E-948B-D6836B40C990}
		{AA85251C-ACA6-467B-9CE4-562722488755} = {452EABF9-B9FF-419E-948B-D6836B40C990}
		{EE8C230A-EBE1-47EB-B386-F750CB4FF483} = {6D0AA510-271D-4F12-8153-676D5467CF79}
		{4E82CDC2-84A3-4A24-BABF-57AEA9FFC49D} = {6D0AA510-271D-4F12-8153-676D5467CF79}
		{10153DDA-6707-4CAA-B7CF-8829C4D53D72} = {6D0AA510-271D-4F12-8153-676D5467CF79}
		{78A69699-28A6-450D-9E51-34D679D1F3B3} = {6D0AA510-271D-4F12-8153-676D5467CF79}
		{F9265F13-C7EE-4CDF-B897-399FA557CDF5} = {6D0AA510-271D-4F12-8153-676D5467CF79}
	EndGlobalSection
	GlobalSection(ExtensibilityGlobals) = postSolution
		SolutionGuid = {B98E9ED2-CB62-48AB-84BA-E59DE8DFD882}
	EndGlobalSection
EndGlobal
